
Microsoft Visual Studio Solution File, Format Version 12.00
# Visual Studio 15
VisualStudioVersion = 15.0.28010.2036
MinimumVisualStudioVersion = 10.0.40219.1
Project("{FAE04EC0-301F-11D3-BF4B-00C04F79EFBC}") = "Рандомные значения", "Рандомные значения\Рандомные значения.csproj", "{83B1D3BF-C8BF-40DE-831D-3EFAABC9C6B1}"
EndProject
Global
	GlobalSection(SolutionConfigurationPlatforms) = preSolution
		Debug|Any CPU = Debug|Any CPU
		Release|Any CPU = Release|Any CPU
	EndGlobalSection
	GlobalSection(ProjectConfigurationPlatforms) = postSolution
		{83B1D3BF-C8BF-40DE-831D-3EFAABC9C6B1}.Debug|Any CPU.ActiveCfg = Debug|Any CPU
		{83B1D3BF-C8BF-40DE-831D-3EFAABC9C6B1}.Debug|Any CPU.Build.0 = Debug|Any CPU
		{83B1D3BF-C8BF-40DE-831D-3EFAABC9C6B1}.Release|Any CPU.ActiveCfg = Release|Any CPU
		{83B1D3BF-C8BF-40DE-831D-3EFAABC9C6B1}.Release|Any CPU.Build.0 = Release|Any CPU
	EndGlobalSection
	GlobalSection(SolutionProperties) = preSolution
		HideSolutionNode = FALSE
	EndGlobalSection
	GlobalSection(ExtensibilityGlobals) = postSolution
		SolutionGuid = {5A638188-C0D0-42D7-95A5-9E1A35327008}
	EndGlobalSection
EndGlobal
